// !$*UTF8*$!
{
	archiveVersion = 1;
	classes = {
	};
	objectVersion = 46;
	objects = {

/* Begin PBXBuildFile section */
		4C0752821D1FE36000D02447 /* AppDelegate.swift in Sources */ = {isa = PBXBuildFile; fileRef = 4C0752811D1FE36000D02447 /* AppDelegate.swift */; };
		4C0752871D1FE36000D02447 /* Main.storyboard in Resources */ = {isa = PBXBuildFile; fileRef = 4C0752851D1FE36000D02447 /* Main.storyboard */; };
		4C0752891D1FE36000D02447 /* Assets.xcassets in Resources */ = {isa = PBXBuildFile; fileRef = 4C0752881D1FE36000D02447 /* Assets.xcassets */; };
		4C07528C1D1FE36000D02447 /* LaunchScreen.storyboard in Resources */ = {isa = PBXBuildFile; fileRef = 4C07528A1D1FE36000D02447 /* LaunchScreen.storyboard */; };
		AA957CF41D240A690095C23B /* SpeechRecognitionViewController.swift in Sources */ = {isa = PBXBuildFile; fileRef = AA957CF31D240A690095C23B /* SpeechRecognitionViewController.swift */; };
		AA957CF61D240A7E0095C23B /* FileManager+Ext.swift in Sources */ = {isa = PBXBuildFile; fileRef = AA957CF51D240A7E0095C23B /* FileManager+Ext.swift */; };
		AA957CFA1D240A8C0095C23B /* AudioRecording.swift in Sources */ = {isa = PBXBuildFile; fileRef = AA957CF71D240A8C0095C23B /* AudioRecording.swift */; };
		AA957CFB1D240A8C0095C23B /* RecordingFile.swift in Sources */ = {isa = PBXBuildFile; fileRef = AA957CF81D240A8C0095C23B /* RecordingFile.swift */; };
		AA957CFC1D240A8C0095C23B /* SFSpeechRecognitionHelper.swift in Sources */ = {isa = PBXBuildFile; fileRef = AA957CF91D240A8C0095C23B /* SFSpeechRecognitionHelper.swift */; };
		AA957CFF1D240A9E0095C23B /* Recording.swift in Sources */ = {isa = PBXBuildFile; fileRef = AA957CFD1D240A9E0095C23B /* Recording.swift */; };
		AA957D001D240A9E0095C23B /* SpeechRecognition.swift in Sources */ = {isa = PBXBuildFile; fileRef = AA957CFE1D240A9E0095C23B /* SpeechRecognition.swift */; };
		AA957D021D240AAB0095C23B /* helloworld.m4a in Resources */ = {isa = PBXBuildFile; fileRef = AA957D011D240AAB0095C23B /* helloworld.m4a */; };
		AA957D041D240AB70095C23B /* SpeechRecognitionView.xib in Resources */ = {isa = PBXBuildFile; fileRef = AA957D031D240AB70095C23B /* SpeechRecognitionView.xib */; };
/* End PBXBuildFile section */

/* Begin PBXFileReference section */
		4C07527E1D1FE36000D02447 /* iOS10SpeechRecognition.app */ = {isa = PBXFileReference; explicitFileType = wrapper.application; includeInIndex = 0; path = iOS10SpeechRecognition.app; sourceTree = BUILT_PRODUCTS_DIR; };
		4C0752811D1FE36000D02447 /* AppDelegate.swift */ = {isa = PBXFileReference; lastKnownFileType = sourcecode.swift; path = AppDelegate.swift; sourceTree = "<group>"; };
		4C0752861D1FE36000D02447 /* Base */ = {isa = PBXFileReference; lastKnownFileType = file.storyboard; name = Base; path = Base.lproj/Main.storyboard; sourceTree = "<group>"; };
		4C0752881D1FE36000D02447 /* Assets.xcassets */ = {isa = PBXFileReference; lastKnownFileType = folder.assetcatalog; path = Assets.xcassets; sourceTree = "<group>"; };
		4C07528B1D1FE36000D02447 /* Base */ = {isa = PBXFileReference; lastKnownFileType = file.storyboard; name = Base; path = Base.lproj/LaunchScreen.storyboard; sourceTree = "<group>"; };
		4C07528D1D1FE36000D02447 /* Info.plist */ = {isa = PBXFileReference; lastKnownFileType = text.plist.xml; path = Info.plist; sourceTree = "<group>"; };
		AA957CF31D240A690095C23B /* SpeechRecognitionViewController.swift */ = {isa = PBXFileReference; fileEncoding = 4; lastKnownFileType = sourcecode.swift; name = SpeechRecognitionViewController.swift; path = Controller/SpeechRecognitionViewController.swift; sourceTree = "<group>"; };
		AA957CF51D240A7E0095C23B /* FileManager+Ext.swift */ = {isa = PBXFileReference; fileEncoding = 4; lastKnownFileType = sourcecode.swift; name = "FileManager+Ext.swift"; path = "Extension/FileManager+Ext.swift"; sourceTree = "<group>"; };
		AA957CF71D240A8C0095C23B /* AudioRecording.swift */ = {isa = PBXFileReference; fileEncoding = 4; lastKnownFileType = sourcecode.swift; name = AudioRecording.swift; path = Model/AudioRecording.swift; sourceTree = "<group>"; };
		AA957CF81D240A8C0095C23B /* RecordingFile.swift */ = {isa = PBXFileReference; fileEncoding = 4; lastKnownFileType = sourcecode.swift; name = RecordingFile.swift; path = Model/RecordingFile.swift; sourceTree = "<group>"; };
		AA957CF91D240A8C0095C23B /* SFSpeechRecognitionHelper.swift */ = {isa = PBXFileReference; fileEncoding = 4; lastKnownFileType = sourcecode.swift; name = SFSpeechRecognitionHelper.swift; path = Model/SFSpeechRecognitionHelper.swift; sourceTree = "<group>"; };
		AA957CFD1D240A9E0095C23B /* Recording.swift */ = {isa = PBXFileReference; fileEncoding = 4; lastKnownFileType = sourcecode.swift; name = Recording.swift; path = Protocol/Recording.swift; sourceTree = "<group>"; };
		AA957CFE1D240A9E0095C23B /* SpeechRecognition.swift */ = {isa = PBXFileReference; fileEncoding = 4; lastKnownFileType = sourcecode.swift; name = SpeechRecognition.swift; path = Protocol/SpeechRecognition.swift; sourceTree = "<group>"; };
		AA957D011D240AAB0095C23B /* helloworld.m4a */ = {isa = PBXFileReference; lastKnownFileType = file; name = helloworld.m4a; path = Ressource/helloworld.m4a; sourceTree = "<group>"; };
		AA957D031D240AB70095C23B /* SpeechRecognitionView.xib */ = {isa = PBXFileReference; fileEncoding = 4; lastKnownFileType = file.xib; name = SpeechRecognitionView.xib; path = View/SpeechRecognitionView.xib; sourceTree = "<group>"; };
/* End PBXFileReference section */

/* Begin PBXFrameworksBuildPhase section */
		4C07527B1D1FE36000D02447 /* Frameworks */ = {
			isa = PBXFrameworksBuildPhase;
			buildActionMask = 2147483647;
			files = (
			);
			runOnlyForDeploymentPostprocessing = 0;
		};
/* End PBXFrameworksBuildPhase section */

/* Begin PBXGroup section */
		4C0752751D1FE36000D02447 = {
			isa = PBXGroup;
			children = (
				4C0752801D1FE36000D02447 /* iOS10SpeechRecognition */,
				4C07527F1D1FE36000D02447 /* Products */,
			);
			sourceTree = "<group>";
		};
		4C07527F1D1FE36000D02447 /* Products */ = {
			isa = PBXGroup;
			children = (
				4C07527E1D1FE36000D02447 /* iOS10SpeechRecognition.app */,
			);
			name = Products;
			sourceTree = "<group>";
		};
		4C0752801D1FE36000D02447 /* iOS10SpeechRecognition */ = {
			isa = PBXGroup;
			children = (
				4C0752811D1FE36000D02447 /* AppDelegate.swift */,
				4C0752881D1FE36000D02447 /* Assets.xcassets */,
				4C07528D1D1FE36000D02447 /* Info.plist */,
				AA1865291D20890400857D1E /* Controller */,
				AA75F0941D208A3C0017B34D /* Extension */,
				AA1865271D2088EF00857D1E /* Model */,
				AA18652F1D20899400857D1E /* Protocol */,
				AA18652A1D20891500857D1E /* Ressource */,
				AA1865281D2088FC00857D1E /* View */,
			);
			path = iOS10SpeechRecognition;
			sourceTree = "<group>";
		};
		AA1865271D2088EF00857D1E /* Model */ = {
			isa = PBXGroup;
			children = (
				AA957CF71D240A8C0095C23B /* AudioRecording.swift */,
				AA957CF81D240A8C0095C23B /* RecordingFile.swift */,
				AA957CF91D240A8C0095C23B /* SFSpeechRecognitionHelper.swift */,
			);
			name = Model;
			sourceTree = "<group>";
		};
		AA1865281D2088FC00857D1E /* View */ = {
			isa = PBXGroup;
			children = (
				4C07528A1D1FE36000D02447 /* LaunchScreen.storyboard */,
				4C0752851D1FE36000D02447 /* Main.storyboard */,
				AA957D031D240AB70095C23B /* SpeechRecognitionView.xib */,
			);
			name = View;
			sourceTree = "<group>";
		};
		AA1865291D20890400857D1E /* Controller */ = {
			isa = PBXGroup;
			children = (
				AA957CF31D240A690095C23B /* SpeechRecognitionViewController.swift */,
			);
			name = Controller;
			sourceTree = "<group>";
		};
		AA18652A1D20891500857D1E /* Ressource */ = {
			isa = PBXGroup;
			children = (
				AA957D011D240AAB0095C23B /* helloworld.m4a */,
			);
			name = Ressource;
			sourceTree = "<group>";
		};
		AA18652F1D20899400857D1E /* Protocol */ = {
			isa = PBXGroup;
			children = (
				AA957CFD1D240A9E0095C23B /* Recording.swift */,
				AA957CFE1D240A9E0095C23B /* SpeechRecognition.swift */,
			);
			name = Protocol;
			sourceTree = "<group>";
		};
		AA75F0941D208A3C0017B34D /* Extension */ = {
			isa = PBXGroup;
			children = (
				AA957CF51D240A7E0095C23B /* FileManager+Ext.swift */,
			);
			name = Extension;
			sourceTree = "<group>";
		};
/* End PBXGroup section */

/* Begin PBXNativeTarget section */
		4C07527D1D1FE36000D02447 /* iOS10SpeechRecognition */ = {
			isa = PBXNativeTarget;
			buildConfigurationList = 4C0752901D1FE36000D02447 /* Build configuration list for PBXNativeTarget "iOS10SpeechRecognition" */;
			buildPhases = (
				4C07527A1D1FE36000D02447 /* Sources */,
				4C07527B1D1FE36000D02447 /* Frameworks */,
				4C07527C1D1FE36000D02447 /* Resources */,
			);
			buildRules = (
			);
			dependencies = (
			);
			name = iOS10SpeechRecognition;
			productName = iOS10SpeechRecognition;
			productReference = 4C07527E1D1FE36000D02447 /* iOS10SpeechRecognition.app */;
			productType = "com.apple.product-type.application";
		};
/* End PBXNativeTarget section */

/* Begin PBXProject section */
		4C0752761D1FE36000D02447 /* Project object */ = {
			isa = PBXProject;
			attributes = {
				LastSwiftUpdateCheck = 0800;
				LastUpgradeCheck = 0800;
				ORGANIZATIONNAME = "Michael Borgmann";
				TargetAttributes = {
					4C07527D1D1FE36000D02447 = {
						CreatedOnToolsVersion = 8.0;
						DevelopmentTeam = 59EHXW32NC;
						DevelopmentTeamName = "creative workline GmbH";
						ProvisioningStyle = Automatic;
					};
				};
			};
			buildConfigurationList = 4C0752791D1FE36000D02447 /* Build configuration list for PBXProject "iOS10SpeechRecognition" */;
			compatibilityVersion = "Xcode 3.2";
			developmentRegion = English;
			hasScannedForEncodings = 0;
			knownRegions = (
				en,
				Base,
			);
			mainGroup = 4C0752751D1FE36000D02447;
			productRefGroup = 4C07527F1D1FE36000D02447 /* Products */;
			projectDirPath = "";
			projectRoot = "";
			targets = (
				4C07527D1D1FE36000D02447 /* iOS10SpeechRecognition */,
			);
		};
/* End PBXProject section */

/* Begin PBXResourcesBuildPhase section */
		4C07527C1D1FE36000D02447 /* Resources */ = {
			isa = PBXResourcesBuildPhase;
			buildActionMask = 2147483647;
			files = (
				4C07528C1D1FE36000D02447 /* LaunchScreen.storyboard in Resources */,
				AA957D041D240AB70095C23B /* SpeechRecognitionView.xib in Resources */,
				4C0752891D1FE36000D02447 /* Assets.xcassets in Resources */,
				4C0752871D1FE36000D02447 /* Main.storyboard in Resources */,
				AA957D021D240AAB0095C23B /* helloworld.m4a in Resources */,
			);
			runOnlyForDeploymentPostprocessing = 0;
		};
/* End PBXResourcesBuildPhase section */

/* Begin PBXSourcesBuildPhase section */
		4C07527A1D1FE36000D02447 /* Sources */ = {
			isa = PBXSourcesBuildPhase;
			buildActionMask = 2147483647;
			files = (
				AA957CFC1D240A8C0095C23B /* SFSpeechRecognitionHelper.swift in Sources */,
				4C0752821D1FE36000D02447 /* AppDelegate.swift in Sources */,
				AA957CF61D240A7E0095C23B /* FileManager+Ext.swift in Sources */,
				AA957D001D240A9E0095C23B /* SpeechRecognition.swift in Sources */,
				AA957CFA1D240A8C0095C23B /* AudioRecording.swift in Sources */,
				AA957CFF1D240A9E0095C23B /* Recording.swift in Sources */,
				AA957CF41D240A690095C23B /* SpeechRecognitionViewController.swift in Sources */,
				AA957CFB1D240A8C0095C23B /* RecordingFile.swift in Sources */,
			);
			runOnlyForDeploymentPostprocessing = 0;
		};
/* End PBXSourcesBuildPhase section */

/* Begin PBXVariantGroup section */
		4C0752851D1FE36000D02447 /* Main.storyboard */ = {
			isa = PBXVariantGroup;
			children = (
				4C0752861D1FE36000D02447 /* Base */,
			);
			name = Main.storyboard;
			sourceTree = "<group>";
		};
		4C07528A1D1FE36000D02447 /* LaunchScreen.storyboard */ = {
			isa = PBXVariantGroup;
			children = (
				4C07528B1D1FE36000D02447 /* Base */,
			);
			name = LaunchScreen.storyboard;
			sourceTree = "<group>";
		};
/* End PBXVariantGroup section */

/* Begin XCBuildConfiguration section */
		4C07528E1D1FE36000D02447 /* Debug */ = {
			isa = XCBuildConfiguration;
			buildSettings = {
				ALWAYS_SEARCH_USER_PATHS = NO;
				CLANG_ANALYZER_NONNULL = YES;
				CLANG_CXX_LANGUAGE_STANDARD = "gnu++0x";
				CLANG_CXX_LIBRARY = "libc++";
				CLANG_ENABLE_MODULES = YES;
				CLANG_ENABLE_OBJC_ARC = YES;
				CLANG_WARN_BOOL_CONVERSION = YES;
				CLANG_WARN_CONSTANT_CONVERSION = YES;
				CLANG_WARN_DIRECT_OBJC_ISA_USAGE = YES_ERROR;
				CLANG_WARN_DOCUMENTATION_COMMENTS = YES;
				CLANG_WARN_EMPTY_BODY = YES;
				CLANG_WARN_ENUM_CONVERSION = YES;
				CLANG_WARN_INT_CONVERSION = YES;
				CLANG_WARN_OBJC_ROOT_CLASS = YES_ERROR;
				CLANG_WARN_UNREACHABLE_CODE = YES;
				CLANG_WARN__DUPLICATE_METHOD_MATCH = YES;
				"CODE_SIGN_IDENTITY[sdk=iphoneos*]" = "iPhone Developer";
				COPY_PHASE_STRIP = NO;
				DEBUG_INFORMATION_FORMAT = dwarf;
				ENABLE_STRICT_OBJC_MSGSEND = YES;
				ENABLE_TESTABILITY = YES;
				GCC_C_LANGUAGE_STANDARD = gnu99;
				GCC_DYNAMIC_NO_PIC = NO;
				GCC_NO_COMMON_BLOCKS = YES;
				GCC_OPTIMIZATION_LEVEL = 0;
				GCC_PREPROCESSOR_DEFINITIONS = (
					"DEBUG=1",
					"$(inherited)",
				);
				GCC_WARN_64_TO_32_BIT_CONVERSION = YES;
				GCC_WARN_ABOUT_RETURN_TYPE = YES_ERROR;
				GCC_WARN_UNDECLARED_SELECTOR = YES;
				GCC_WARN_UNINITIALIZED_AUTOS = YES_AGGRESSIVE;
				GCC_WARN_UNUSED_FUNCTION = YES;
				GCC_WARN_UNUSED_VARIABLE = YES;
				IPHONEOS_DEPLOYMENT_TARGET = 10.0;
				MTL_ENABLE_DEBUG_INFO = YES;
				ONLY_ACTIVE_ARCH = YES;
				SDKROOT = iphoneos;
				SWIFT_ACTIVE_COMPILATION_CONDITIONS = DEBUG;
				SWIFT_OPTIMIZATION_LEVEL = "-Onone";
				TARGETED_DEVICE_FAMILY = "1,2";
			};
			name = Debug;
		};
		4C07528F1D1FE36000D02447 /* Release */ = {
			isa = XCBuildConfiguration;
			buildSettings = {
				ALWAYS_SEARCH_USER_PATHS = NO;
				CLANG_ANALYZER_NONNULL = YES;
				CLANG_CXX_LANGUAGE_STANDARD = "gnu++0x";
				CLANG_CXX_LIBRARY = "libc++";
				CLANG_ENABLE_MODULES = YES;
				CLANG_ENABLE_OBJC_ARC = YES;
				CLANG_WARN_BOOL_CONVERSION = YES;
				CLANG_WARN_CONSTANT_CONVERSION = YES;
				CLANG_WARN_DIRECT_OBJC_ISA_USAGE = YES_ERROR;
				CLANG_WARN_DOCUMENTATION_COMMENTS = YES;
				CLANG_WARN_EMPTY_BODY = YES;
				CLANG_WARN_ENUM_CONVERSION = YES;
				CLANG_WARN_INT_CONVERSION = YES;
				CLANG_WARN_OBJC_ROOT_CLASS = YES_ERROR;
				CLANG_WARN_UNREACHABLE_CODE = YES;
				CLANG_WARN__DUPLICATE_METHOD_MATCH = YES;
				"CODE_SIGN_IDENTITY[sdk=iphoneos*]" = "iPhone Developer";
				COPY_PHASE_STRIP = NO;
				DEBUG_INFORMATION_FORMAT = "dwarf-with-dsym";
				ENABLE_NS_ASSERTIONS = NO;
				ENABLE_STRICT_OBJC_MSGSEND = YES;
				GCC_C_LANGUAGE_STANDARD = gnu99;
				GCC_NO_COMMON_BLOCKS = YES;
				GCC_WARN_64_TO_32_BIT_CONVERSION = YES;
				GCC_WARN_ABOUT_RETURN_TYPE = YES_ERROR;
				GCC_WARN_UNDECLARED_SELECTOR = YES;
				GCC_WARN_UNINITIALIZED_AUTOS = YES_AGGRESSIVE;
				GCC_WARN_UNUSED_FUNCTION = YES;
				GCC_WARN_UNUSED_VARIABLE = YES;
				IPHONEOS_DEPLOYMENT_TARGET = 10.0;
				MTL_ENABLE_DEBUG_INFO = NO;
				SDKROOT = iphoneos;
				SWIFT_OPTIMIZATION_LEVEL = "-Owholemodule";
				TARGETED_DEVICE_FAMILY = "1,2";
				VALIDATE_PRODUCT = YES;
			};
			name = Release;
		};
		4C0752911D1FE36000D02447 /* Debug */ = {
			isa = XCBuildConfiguration;
			buildSettings = {
				ASSETCATALOG_COMPILER_APPICON_NAME = AppIcon;
				"CODE_SIGN_IDENTITY[sdk=iphoneos*]" = "iPhone Developer";
				INFOPLIST_FILE = iOS10SpeechRecognition/Info.plist;
				LD_RUNPATH_SEARCH_PATHS = "$(inherited) @executable_path/Frameworks";
				PRODUCT_BUNDLE_IDENTIFIER = com.michaelborgmann.iOS10SpeechRecognition;
				PRODUCT_NAME = "$(TARGET_NAME)";
				PROVISIONING_PROFILE = "";
				PROVISIONING_PROFILE_SPECIFIER = "";
				SWIFT_VERSION = 3.0;
			};
			name = Debug;
		};
		4C0752921D1FE36000D02447 /* Release */ = {
			isa = XCBuildConfiguration;
			buildSettings = {
				ASSETCATALOG_COMPILER_APPICON_NAME = AppIcon;
				"CODE_SIGN_IDENTITY[sdk=iphoneos*]" = "iPhone Developer";
				INFOPLIST_FILE = iOS10SpeechRecognition/Info.plist;
				LD_RUNPATH_SEARCH_PATHS = "$(inherited) @executable_path/Frameworks";
				PRODUCT_BUNDLE_IDENTIFIER = com.michaelborgmann.iOS10SpeechRecognition;
				PRODUCT_NAME = "$(TARGET_NAME)";
				SWIFT_VERSION = 3.0;
			};
			name = Release;
		};
/* End XCBuildConfiguration section */

/* Begin XCConfigurationList section */
		4C0752791D1FE36000D02447 /* Build configuration list for PBXProject "iOS10SpeechRecognition" */ = {
			isa = XCConfigurationList;
			buildConfigurations = (
				4C07528E1D1FE36000D02447 /* Debug */,
				4C07528F1D1FE36000D02447 /* Release */,
			);
			defaultConfigurationIsVisible = 0;
			defaultConfigurationName = Release;
		};
		4C0752901D1FE36000D02447 /* Build configuration list for PBXNativeTarget "iOS10SpeechRecognition" */ = {
			isa = XCConfigurationList;
			buildConfigurations = (
				4C0752911D1FE36000D02447 /* Debug */,
				4C0752921D1FE36000D02447 /* Release */,
			);
			defaultConfigurationIsVisible = 0;
			defaultConfigurationName = Release;
		};
/* End XCConfigurationList section */
	};
	rootObject = 4C0752761D1FE36000D02447 /* Project object */;
}
